
Microsoft Visual Studio Solution File, Format Version 12.00
Project("{FAE04EC0-301F-11D3-BF4B-00C04F79EFBC}") = "GeoSlicer", "GeoSlicer\GeoSlicer.csproj", "{26BF677A-C608-4EE5-9F84-46D7111C3CE6}"
EndProject
Project("{FAE04EC0-301F-11D3-BF4B-00C04F79EFBC}") = "GeoJsonFileService", "GeoJsonFileService\GeoJsonFileService.csproj", "{720B4393-BBF2-4F90-84DA-330A31867EB5}"
EndProject
Global
	GlobalSection(SolutionConfigurationPlatforms) = preSolution
		Debug|Any CPU = Debug|Any CPU
		Release|Any CPU = Release|Any CPU
	EndGlobalSection
	GlobalSection(ProjectConfigurationPlatforms) = postSolution
		{26BF677A-C608-4EE5-9F84-46D7111C3CE6}.Debug|Any CPU.ActiveCfg = Debug|Any CPU
		{26BF677A-C608-4EE5-9F84-46D7111C3CE6}.Debug|Any CPU.Build.0 = Debug|Any CPU
		{26BF677A-C608-4EE5-9F84-46D7111C3CE6}.Release|Any CPU.ActiveCfg = Release|Any CPU
		{26BF677A-C608-4EE5-9F84-46D7111C3CE6}.Release|Any CPU.Build.0 = Release|Any CPU
		{720B4393-BBF2-4F90-84DA-330A31867EB5}.Debug|Any CPU.ActiveCfg = Debug|Any CPU
		{720B4393-BBF2-4F90-84DA-330A31867EB5}.Debug|Any CPU.Build.0 = Debug|Any CPU
		{720B4393-BBF2-4F90-84DA-330A31867EB5}.Release|Any CPU.ActiveCfg = Release|Any CPU
		{720B4393-BBF2-4F90-84DA-330A31867EB5}.Release|Any CPU.Build.0 = Release|Any CPU
	EndGlobalSection
EndGlobal
